
Microsoft Visual Studio Solution File, Format Version 12.00
# Visual Studio 14
VisualStudioVersion = 14.0.25123.0
MinimumVisualStudioVersion = 10.0.40219.1
Project("{FAE04EC0-301F-11D3-BF4B-00C04F79EFBC}") = "ZipNameChange", "ZipNameChange\ZipNameChange.csproj", "{7C678A12-51C0-497A-86CD-803C305B09FC}"
EndProject
Global
	GlobalSection(SolutionConfigurationPlatforms) = preSolution
		Debug|Any CPU = Debug|Any CPU
		Release|Any CPU = Release|Any CPU
	EndGlobalSection
	GlobalSection(ProjectConfigurationPlatforms) = postSolution
		{7C678A12-51C0-497A-86CD-803C305B09FC}.Debug|Any CPU.ActiveCfg = Debug|Any CPU
		{7C678A12-51C0-497A-86CD-803C305B09FC}.Debug|Any CPU.Build.0 = Debug|Any CPU
		{7C678A12-51C0-497A-86CD-803C305B09FC}.Release|Any CPU.ActiveCfg = Release|Any CPU
		{7C678A12-51C0-497A-86CD-803C305B09FC}.Release|Any CPU.Build.0 = Release|Any CPU
	EndGlobalSection
	GlobalSection(SolutionProperties) = preSolution
		HideSolutionNode = FALSE
	EndGlobalSection
EndGlobal
